
Microsoft Visual Studio Solution File, Format Version 12.00
# Visual Studio Version 16
VisualStudioVersion = 25.0.1706.9
MinimumVisualStudioVersion = 10.0.40219.1
Project("{FAE04EC0-301F-11D3-BF4B-00C04F79EFBC}") = "StarterDotNet", "StarterDotNet\StarterDotNet.csproj", "{425D6539-B136-43E7-A9F0-FADF0E895C4F}"
EndProject
Global
	GlobalSection(SolutionConfigurationPlatforms) = preSolution
		Debug|Any CPU = Debug|Any CPU
		Release|Any CPU = Release|Any CPU
	EndGlobalSection
	GlobalSection(ProjectConfigurationPlatforms) = postSolution
		{425D6539-B136-43E7-A9F0-FADF0E895C4F}.Debug|Any CPU.ActiveCfg = Debug|Any CPU
		{425D6539-B136-43E7-A9F0-FADF0E895C4F}.Debug|Any CPU.Build.0 = Debug|Any CPU
		{425D6539-B136-43E7-A9F0-FADF0E895C4F}.Release|Any CPU.ActiveCfg = Release|Any CPU
		{425D6539-B136-43E7-A9F0-FADF0E895C4F}.Release|Any CPU.Build.0 = Release|Any CPU
	EndGlobalSection
	GlobalSection(SolutionProperties) = preSolution
		HideSolutionNode = FALSE
	EndGlobalSection
	GlobalSection(ExtensibilityGlobals) = postSolution
		SolutionGuid = {0CE20B7A-076D-4C02-B740-D43FEFAEAF81}
	EndGlobalSection
EndGlobal
