
Microsoft Visual Studio Solution File, Format Version 12.00
# Visual Studio Version 16
VisualStudioVersion = 25.0.1706.1
MinimumVisualStudioVersion = 10.0.40219.1
Project("{FAE04EC0-301F-11D3-BF4B-00C04F79EFBC}") = "CleverTap.Bindings.Android", "CleverTap.Bindings.Android.csproj", "{1E96E0FC-1045-4189-8484-D38C1435141E}"
EndProject
Global
	GlobalSection(SolutionConfigurationPlatforms) = preSolution
		Debug|Any CPU = Debug|Any CPU
		Release|Any CPU = Release|Any CPU
	EndGlobalSection
	GlobalSection(ProjectConfigurationPlatforms) = postSolution
		{1E96E0FC-1045-4189-8484-D38C1435141E}.Debug|Any CPU.ActiveCfg = Debug|Any CPU
		{1E96E0FC-1045-4189-8484-D38C1435141E}.Debug|Any CPU.Build.0 = Debug|Any CPU
		{1E96E0FC-1045-4189-8484-D38C1435141E}.Release|Any CPU.ActiveCfg = Release|Any CPU
		{1E96E0FC-1045-4189-8484-D38C1435141E}.Release|Any CPU.Build.0 = Release|Any CPU
	EndGlobalSection
	GlobalSection(SolutionProperties) = preSolution
		HideSolutionNode = FALSE
	EndGlobalSection
	GlobalSection(ExtensibilityGlobals) = postSolution
		SolutionGuid = {E209AB4E-14C0-4918-8A7E-4D38FB5F94C7}
	EndGlobalSection
EndGlobal
